// !$*UTF8*$!
{
	archiveVersion = 1;
	classes = {
	};
	objectVersion = 50;
	objects = {

/* Begin PBXBuildFile section */
		2A999AAA256CA96700E1EA57 /* Main.storyboard in Resources */ = {isa = PBXBuildFile; fileRef = 2A999AA8256CA96700E1EA57 /* Main.storyboard */; };
		339D07632568A329004342BA /* AppDelegate.swift in Sources */ = {isa = PBXBuildFile; fileRef = 339D07622568A329004342BA /* AppDelegate.swift */; };
		339D07652568A329004342BA /* SceneDelegate.swift in Sources */ = {isa = PBXBuildFile; fileRef = 339D07642568A329004342BA /* SceneDelegate.swift */; };
		339D07672568A329004342BA /* ViewController.swift in Sources */ = {isa = PBXBuildFile; fileRef = 339D07662568A329004342BA /* ViewController.swift */; };
		339D076A2568A329004342BA /* auth.storyboard in Resources */ = {isa = PBXBuildFile; fileRef = 339D07682568A329004342BA /* auth.storyboard */; };
		339D076C2568A32B004342BA /* Assets.xcassets in Resources */ = {isa = PBXBuildFile; fileRef = 339D076B2568A32B004342BA /* Assets.xcassets */; };
		339D076F2568A32B004342BA /* LaunchScreen.storyboard in Resources */ = {isa = PBXBuildFile; fileRef = 339D076D2568A32B004342BA /* LaunchScreen.storyboard */; };
		339D077A2568A32C004342BA /* HabitTrackerTests.swift in Sources */ = {isa = PBXBuildFile; fileRef = 339D07792568A32C004342BA /* HabitTrackerTests.swift */; };
		339D07852568A32C004342BA /* HabitTrackerUITests.swift in Sources */ = {isa = PBXBuildFile; fileRef = 339D07842568A32C004342BA /* HabitTrackerUITests.swift */; };
/* End PBXBuildFile section */

/* Begin PBXContainerItemProxy section */
		339D07762568A32C004342BA /* PBXContainerItemProxy */ = {
			isa = PBXContainerItemProxy;
			containerPortal = 339D07572568A329004342BA /* Project object */;
			proxyType = 1;
			remoteGlobalIDString = 339D075E2568A329004342BA;
			remoteInfo = HabitTracker;
		};
		339D07812568A32C004342BA /* PBXContainerItemProxy */ = {
			isa = PBXContainerItemProxy;
			containerPortal = 339D07572568A329004342BA /* Project object */;
			proxyType = 1;
			remoteGlobalIDString = 339D075E2568A329004342BA;
			remoteInfo = HabitTracker;
		};
/* End PBXContainerItemProxy section */

/* Begin PBXFileReference section */
		2A999AA9256CA96700E1EA57 /* Base */ = {isa = PBXFileReference; lastKnownFileType = file.storyboard; name = Base; path = ../../Taskboard/Taskboard/Base.lproj/Main.storyboard; sourceTree = "<group>"; };
		339D075F2568A329004342BA /* HabitTracker.app */ = {isa = PBXFileReference; explicitFileType = wrapper.application; includeInIndex = 0; path = HabitTracker.app; sourceTree = BUILT_PRODUCTS_DIR; };
		339D07622568A329004342BA /* AppDelegate.swift */ = {isa = PBXFileReference; lastKnownFileType = sourcecode.swift; path = AppDelegate.swift; sourceTree = "<group>"; };
		339D07642568A329004342BA /* SceneDelegate.swift */ = {isa = PBXFileReference; lastKnownFileType = sourcecode.swift; path = SceneDelegate.swift; sourceTree = "<group>"; };
		339D07662568A329004342BA /* ViewController.swift */ = {isa = PBXFileReference; lastKnownFileType = sourcecode.swift; path = ViewController.swift; sourceTree = "<group>"; };
		339D07692568A329004342BA /* Base */ = {isa = PBXFileReference; lastKnownFileType = file.storyboard; name = Base; path = Base.lproj/auth.storyboard; sourceTree = "<group>"; };
		339D076B2568A32B004342BA /* Assets.xcassets */ = {isa = PBXFileReference; lastKnownFileType = folder.assetcatalog; path = Assets.xcassets; sourceTree = "<group>"; };
		339D076E2568A32B004342BA /* Base */ = {isa = PBXFileReference; lastKnownFileType = file.storyboard; name = Base; path = Base.lproj/LaunchScreen.storyboard; sourceTree = "<group>"; };
		339D07702568A32B004342BA /* Info.plist */ = {isa = PBXFileReference; lastKnownFileType = text.plist.xml; path = Info.plist; sourceTree = "<group>"; };
		339D07752568A32C004342BA /* HabitTrackerTests.xctest */ = {isa = PBXFileReference; explicitFileType = wrapper.cfbundle; includeInIndex = 0; path = HabitTrackerTests.xctest; sourceTree = BUILT_PRODUCTS_DIR; };
		339D07792568A32C004342BA /* HabitTrackerTests.swift */ = {isa = PBXFileReference; lastKnownFileType = sourcecode.swift; path = HabitTrackerTests.swift; sourceTree = "<group>"; };
		339D077B2568A32C004342BA /* Info.plist */ = {isa = PBXFileReference; lastKnownFileType = text.plist.xml; path = Info.plist; sourceTree = "<group>"; };
		339D07802568A32C004342BA /* HabitTrackerUITests.xctest */ = {isa = PBXFileReference; explicitFileType = wrapper.cfbundle; includeInIndex = 0; path = HabitTrackerUITests.xctest; sourceTree = BUILT_PRODUCTS_DIR; };
		339D07842568A32C004342BA /* HabitTrackerUITests.swift */ = {isa = PBXFileReference; lastKnownFileType = sourcecode.swift; path = HabitTrackerUITests.swift; sourceTree = "<group>"; };
		339D07862568A32C004342BA /* Info.plist */ = {isa = PBXFileReference; lastKnownFileType = text.plist.xml; path = Info.plist; sourceTree = "<group>"; };
/* End PBXFileReference section */

/* Begin PBXFrameworksBuildPhase section */
		339D075C2568A329004342BA /* Frameworks */ = {
			isa = PBXFrameworksBuildPhase;
			buildActionMask = 2147483647;
			files = (
			);
			runOnlyForDeploymentPostprocessing = 0;
		};
		339D07722568A32C004342BA /* Frameworks */ = {
			isa = PBXFrameworksBuildPhase;
			buildActionMask = 2147483647;
			files = (
			);
			runOnlyForDeploymentPostprocessing = 0;
		};
		339D077D2568A32C004342BA /* Frameworks */ = {
			isa = PBXFrameworksBuildPhase;
			buildActionMask = 2147483647;
			files = (
			);
			runOnlyForDeploymentPostprocessing = 0;
		};
/* End PBXFrameworksBuildPhase section */

/* Begin PBXGroup section */
		339D07562568A329004342BA = {
			isa = PBXGroup;
			children = (
				339D07612568A329004342BA /* HabitTracker */,
				339D07782568A32C004342BA /* HabitTrackerTests */,
				339D07832568A32C004342BA /* HabitTrackerUITests */,
				339D07602568A329004342BA /* Products */,
			);
			sourceTree = "<group>";
		};
		339D07602568A329004342BA /* Products */ = {
			isa = PBXGroup;
			children = (
				339D075F2568A329004342BA /* HabitTracker.app */,
				339D07752568A32C004342BA /* HabitTrackerTests.xctest */,
				339D07802568A32C004342BA /* HabitTrackerUITests.xctest */,
			);
			name = Products;
			sourceTree = "<group>";
		};
		339D07612568A329004342BA /* HabitTracker */ = {
			isa = PBXGroup;
			children = (
				339D07622568A329004342BA /* AppDelegate.swift */,
				339D07642568A329004342BA /* SceneDelegate.swift */,
				339D07662568A329004342BA /* ViewController.swift */,
				339D07682568A329004342BA /* auth.storyboard */,
				2A999AA8256CA96700E1EA57 /* Main.storyboard */,
				339D076B2568A32B004342BA /* Assets.xcassets */,
				339D076D2568A32B004342BA /* LaunchScreen.storyboard */,
				339D07702568A32B004342BA /* Info.plist */,
			);
			path = HabitTracker;
			sourceTree = "<group>";
		};
		339D07782568A32C004342BA /* HabitTrackerTests */ = {
			isa = PBXGroup;
			children = (
				339D07792568A32C004342BA /* HabitTrackerTests.swift */,
				339D077B2568A32C004342BA /* Info.plist */,
			);
			path = HabitTrackerTests;
			sourceTree = "<group>";
		};
		339D07832568A32C004342BA /* HabitTrackerUITests */ = {
			isa = PBXGroup;
			children = (
				339D07842568A32C004342BA /* HabitTrackerUITests.swift */,
				339D07862568A32C004342BA /* Info.plist */,
			);
			path = HabitTrackerUITests;
			sourceTree = "<group>";
		};
/* End PBXGroup section */

/* Begin PBXNativeTarget section */
		339D075E2568A329004342BA /* HabitTracker */ = {
			isa = PBXNativeTarget;
			buildConfigurationList = 339D07892568A32C004342BA /* Build configuration list for PBXNativeTarget "HabitTracker" */;
			buildPhases = (
				339D075B2568A329004342BA /* Sources */,
				339D075C2568A329004342BA /* Frameworks */,
				339D075D2568A329004342BA /* Resources */,
			);
			buildRules = (
			);
			dependencies = (
			);
			name = HabitTracker;
			productName = HabitTracker;
			productReference = 339D075F2568A329004342BA /* HabitTracker.app */;
			productType = "com.apple.product-type.application";
		};
		339D07742568A32C004342BA /* HabitTrackerTests */ = {
			isa = PBXNativeTarget;
			buildConfigurationList = 339D078C2568A32C004342BA /* Build configuration list for PBXNativeTarget "HabitTrackerTests" */;
			buildPhases = (
				339D07712568A32C004342BA /* Sources */,
				339D07722568A32C004342BA /* Frameworks */,
				339D07732568A32C004342BA /* Resources */,
			);
			buildRules = (
			);
			dependencies = (
				339D07772568A32C004342BA /* PBXTargetDependency */,
			);
			name = HabitTrackerTests;
			productName = HabitTrackerTests;
			productReference = 339D07752568A32C004342BA /* HabitTrackerTests.xctest */;
			productType = "com.apple.product-type.bundle.unit-test";
		};
		339D077F2568A32C004342BA /* HabitTrackerUITests */ = {
			isa = PBXNativeTarget;
			buildConfigurationList = 339D078F2568A32C004342BA /* Build configuration list for PBXNativeTarget "HabitTrackerUITests" */;
			buildPhases = (
				339D077C2568A32C004342BA /* Sources */,
				339D077D2568A32C004342BA /* Frameworks */,
				339D077E2568A32C004342BA /* Resources */,
			);
			buildRules = (
			);
			dependencies = (
				339D07822568A32C004342BA /* PBXTargetDependency */,
			);
			name = HabitTrackerUITests;
			productName = HabitTrackerUITests;
			productReference = 339D07802568A32C004342BA /* HabitTrackerUITests.xctest */;
			productType = "com.apple.product-type.bundle.ui-testing";
		};
/* End PBXNativeTarget section */

/* Begin PBXProject section */
		339D07572568A329004342BA /* Project object */ = {
			isa = PBXProject;
			attributes = {
				LastSwiftUpdateCheck = 1200;
				LastUpgradeCheck = 1200;
				TargetAttributes = {
					339D075E2568A329004342BA = {
						CreatedOnToolsVersion = 12.0;
					};
					339D07742568A32C004342BA = {
						CreatedOnToolsVersion = 12.0;
						TestTargetID = 339D075E2568A329004342BA;
					};
					339D077F2568A32C004342BA = {
						CreatedOnToolsVersion = 12.0;
						TestTargetID = 339D075E2568A329004342BA;
					};
				};
			};
			buildConfigurationList = 339D075A2568A329004342BA /* Build configuration list for PBXProject "HabitTracker" */;
			compatibilityVersion = "Xcode 9.3";
			developmentRegion = en;
			hasScannedForEncodings = 0;
			knownRegions = (
				en,
				Base,
			);
			mainGroup = 339D07562568A329004342BA;
			productRefGroup = 339D07602568A329004342BA /* Products */;
			projectDirPath = "";
			projectRoot = "";
			targets = (
				339D075E2568A329004342BA /* HabitTracker */,
				339D07742568A32C004342BA /* HabitTrackerTests */,
				339D077F2568A32C004342BA /* HabitTrackerUITests */,
			);
		};
/* End PBXProject section */

/* Begin PBXResourcesBuildPhase section */
		339D075D2568A329004342BA /* Resources */ = {
			isa = PBXResourcesBuildPhase;
			buildActionMask = 2147483647;
			files = (
				339D076F2568A32B004342BA /* LaunchScreen.storyboard in Resources */,
				339D076C2568A32B004342BA /* Assets.xcassets in Resources */,
				339D076A2568A329004342BA /* auth.storyboard in Resources */,
				2A999AAA256CA96700E1EA57 /* Main.storyboard in Resources */,
			);
			runOnlyForDeploymentPostprocessing = 0;
		};
		339D07732568A32C004342BA /* Resources */ = {
			isa = PBXResourcesBuildPhase;
			buildActionMask = 2147483647;
			files = (
			);
			runOnlyForDeploymentPostprocessing = 0;
		};
		339D077E2568A32C004342BA /* Resources */ = {
			isa = PBXResourcesBuildPhase;
			buildActionMask = 2147483647;
			files = (
			);
			runOnlyForDeploymentPostprocessing = 0;
		};
/* End PBXResourcesBuildPhase section */

/* Begin PBXSourcesBuildPhase section */
		339D075B2568A329004342BA /* Sources */ = {
			isa = PBXSourcesBuildPhase;
			buildActionMask = 2147483647;
			files = (
				339D07672568A329004342BA /* ViewController.swift in Sources */,
				339D07632568A329004342BA /* AppDelegate.swift in Sources */,
				339D07652568A329004342BA /* SceneDelegate.swift in Sources */,
			);
			runOnlyForDeploymentPostprocessing = 0;
		};
		339D07712568A32C004342BA /* Sources */ = {
			isa = PBXSourcesBuildPhase;
			buildActionMask = 2147483647;
			files = (
				339D077A2568A32C004342BA /* HabitTrackerTests.swift in Sources */,
			);
			runOnlyForDeploymentPostprocessing = 0;
		};
		339D077C2568A32C004342BA /* Sources */ = {
			isa = PBXSourcesBuildPhase;
			buildActionMask = 2147483647;
			files = (
				339D07852568A32C004342BA /* HabitTrackerUITests.swift in Sources */,
			);
			runOnlyForDeploymentPostprocessing = 0;
		};
/* End PBXSourcesBuildPhase section */

/* Begin PBXTargetDependency section */
		339D07772568A32C004342BA /* PBXTargetDependency */ = {
			isa = PBXTargetDependency;
			target = 339D075E2568A329004342BA /* HabitTracker */;
			targetProxy = 339D07762568A32C004342BA /* PBXContainerItemProxy */;
		};
		339D07822568A32C004342BA /* PBXTargetDependency */ = {
			isa = PBXTargetDependency;
			target = 339D075E2568A329004342BA /* HabitTracker */;
			targetProxy = 339D07812568A32C004342BA /* PBXContainerItemProxy */;
		};
/* End PBXTargetDependency section */

/* Begin PBXVariantGroup section */
		2A999AA8256CA96700E1EA57 /* Main.storyboard */ = {
			isa = PBXVariantGroup;
			children = (
				2A999AA9256CA96700E1EA57 /* Base */,
			);
			name = Main.storyboard;
			sourceTree = "<group>";
		};
		339D07682568A329004342BA /* auth.storyboard */ = {
			isa = PBXVariantGroup;
			children = (
				339D07692568A329004342BA /* Base */,
			);
			name = auth.storyboard;
			sourceTree = "<group>";
		};
		339D076D2568A32B004342BA /* LaunchScreen.storyboard */ = {
			isa = PBXVariantGroup;
			children = (
				339D076E2568A32B004342BA /* Base */,
			);
			name = LaunchScreen.storyboard;
			sourceTree = "<group>";
		};
/* End PBXVariantGroup section */

/* Begin XCBuildConfiguration section */
		339D07872568A32C004342BA /* Debug */ = {
			isa = XCBuildConfiguration;
			buildSettings = {
				ALWAYS_SEARCH_USER_PATHS = NO;
				CLANG_ANALYZER_NONNULL = YES;
				CLANG_ANALYZER_NUMBER_OBJECT_CONVERSION = YES_AGGRESSIVE;
				CLANG_CXX_LANGUAGE_STANDARD = "gnu++14";
				CLANG_CXX_LIBRARY = "libc++";
				CLANG_ENABLE_MODULES = YES;
				CLANG_ENABLE_OBJC_ARC = YES;
				CLANG_ENABLE_OBJC_WEAK = YES;
				CLANG_WARN_BLOCK_CAPTURE_AUTORELEASING = YES;
				CLANG_WARN_BOOL_CONVERSION = YES;
				CLANG_WARN_COMMA = YES;
				CLANG_WARN_CONSTANT_CONVERSION = YES;
				CLANG_WARN_DEPRECATED_OBJC_IMPLEMENTATIONS = YES;
				CLANG_WARN_DIRECT_OBJC_ISA_USAGE = YES_ERROR;
				CLANG_WARN_DOCUMENTATION_COMMENTS = YES;
				CLANG_WARN_EMPTY_BODY = YES;
				CLANG_WARN_ENUM_CONVERSION = YES;
				CLANG_WARN_INFINITE_RECURSION = YES;
				CLANG_WARN_INT_CONVERSION = YES;
				CLANG_WARN_NON_LITERAL_NULL_CONVERSION = YES;
				CLANG_WARN_OBJC_IMPLICIT_RETAIN_SELF = YES;
				CLANG_WARN_OBJC_LITERAL_CONVERSION = YES;
				CLANG_WARN_OBJC_ROOT_CLASS = YES_ERROR;
				CLANG_WARN_QUOTED_INCLUDE_IN_FRAMEWORK_HEADER = YES;
				CLANG_WARN_RANGE_LOOP_ANALYSIS = YES;
				CLANG_WARN_STRICT_PROTOTYPES = YES;
				CLANG_WARN_SUSPICIOUS_MOVE = YES;
				CLANG_WARN_UNGUARDED_AVAILABILITY = YES_AGGRESSIVE;
				CLANG_WARN_UNREACHABLE_CODE = YES;
				CLANG_WARN__DUPLICATE_METHOD_MATCH = YES;
				COPY_PHASE_STRIP = NO;
				DEBUG_INFORMATION_FORMAT = dwarf;
				ENABLE_STRICT_OBJC_MSGSEND = YES;
				ENABLE_TESTABILITY = YES;
				GCC_C_LANGUAGE_STANDARD = gnu11;
				GCC_DYNAMIC_NO_PIC = NO;
				GCC_NO_COMMON_BLOCKS = YES;
				GCC_OPTIMIZATION_LEVEL = 0;
				GCC_PREPROCESSOR_DEFINITIONS = (
					"DEBUG=1",
					"$(inherited)",
				);
				GCC_WARN_64_TO_32_BIT_CONVERSION = YES;
				GCC_WARN_ABOUT_RETURN_TYPE = YES_ERROR;
				GCC_WARN_UNDECLARED_SELECTOR = YES;
				GCC_WARN_UNINITIALIZED_AUTOS = YES_AGGRESSIVE;
				GCC_WARN_UNUSED_FUNCTION = YES;
				GCC_WARN_UNUSED_VARIABLE = YES;
				IPHONEOS_DEPLOYMENT_TARGET = 14.0;
				MTL_ENABLE_DEBUG_INFO = INCLUDE_SOURCE;
				MTL_FAST_MATH = YES;
				ONLY_ACTIVE_ARCH = YES;
				SDKROOT = iphoneos;
				SWIFT_ACTIVE_COMPILATION_CONDITIONS = DEBUG;
				SWIFT_OPTIMIZATION_LEVEL = "-Onone";
			};
			name = Debug;
		};
		339D07882568A32C004342BA /* Release */ = {
			isa = XCBuildConfiguration;
			buildSettings = {
				ALWAYS_SEARCH_USER_PATHS = NO;
				CLANG_ANALYZER_NONNULL = YES;
				CLANG_ANALYZER_NUMBER_OBJECT_CONVERSION = YES_AGGRESSIVE;
				CLANG_CXX_LANGUAGE_STANDARD = "gnu++14";
				CLANG_CXX_LIBRARY = "libc++";
				CLANG_ENABLE_MODULES = YES;
				CLANG_ENABLE_OBJC_ARC = YES;
				CLANG_ENABLE_OBJC_WEAK = YES;
				CLANG_WARN_BLOCK_CAPTURE_AUTORELEASING = YES;
				CLANG_WARN_BOOL_CONVERSION = YES;
				CLANG_WARN_COMMA = YES;
				CLANG_WARN_CONSTANT_CONVERSION = YES;
				CLANG_WARN_DEPRECATED_OBJC_IMPLEMENTATIONS = YES;
				CLANG_WARN_DIRECT_OBJC_ISA_USAGE = YES_ERROR;
				CLANG_WARN_DOCUMENTATION_COMMENTS = YES;
				CLANG_WARN_EMPTY_BODY = YES;
				CLANG_WARN_ENUM_CONVERSION = YES;
				CLANG_WARN_INFINITE_RECURSION = YES;
				CLANG_WARN_INT_CONVERSION = YES;
				CLANG_WARN_NON_LITERAL_NULL_CONVERSION = YES;
				CLANG_WARN_OBJC_IMPLICIT_RETAIN_SELF = YES;
				CLANG_WARN_OBJC_LITERAL_CONVERSION = YES;
				CLANG_WARN_OBJC_ROOT_CLASS = YES_ERROR;
				CLANG_WARN_QUOTED_INCLUDE_IN_FRAMEWORK_HEADER = YES;
				CLANG_WARN_RANGE_LOOP_ANALYSIS = YES;
				CLANG_WARN_STRICT_PROTOTYPES = YES;
				CLANG_WARN_SUSPICIOUS_MOVE = YES;
				CLANG_WARN_UNGUARDED_AVAILABILITY = YES_AGGRESSIVE;
				CLANG_WARN_UNREACHABLE_CODE = YES;
				CLANG_WARN__DUPLICATE_METHOD_MATCH = YES;
				COPY_PHASE_STRIP = NO;
				DEBUG_INFORMATION_FORMAT = "dwarf-with-dsym";
				ENABLE_NS_ASSERTIONS = NO;
				ENABLE_STRICT_OBJC_MSGSEND = YES;
				GCC_C_LANGUAGE_STANDARD = gnu11;
				GCC_NO_COMMON_BLOCKS = YES;
				GCC_WARN_64_TO_32_BIT_CONVERSION = YES;
				GCC_WARN_ABOUT_RETURN_TYPE = YES_ERROR;
				GCC_WARN_UNDECLARED_SELECTOR = YES;
				GCC_WARN_UNINITIALIZED_AUTOS = YES_AGGRESSIVE;
				GCC_WARN_UNUSED_FUNCTION = YES;
				GCC_WARN_UNUSED_VARIABLE = YES;
				IPHONEOS_DEPLOYMENT_TARGET = 14.0;
				MTL_ENABLE_DEBUG_INFO = NO;
				MTL_FAST_MATH = YES;
				SDKROOT = iphoneos;
				SWIFT_COMPILATION_MODE = wholemodule;
				SWIFT_OPTIMIZATION_LEVEL = "-O";
				VALIDATE_PRODUCT = YES;
			};
			name = Release;
		};
		339D078A2568A32C004342BA /* Debug */ = {
			isa = XCBuildConfiguration;
			buildSettings = {
				ASSETCATALOG_COMPILER_APPICON_NAME = AppIcon;
				ASSETCATALOG_COMPILER_GLOBAL_ACCENT_COLOR_NAME = AccentColor;
				CODE_SIGN_STYLE = Automatic;
				INFOPLIST_FILE = HabitTracker/Info.plist;
				LD_RUNPATH_SEARCH_PATHS = (
					"$(inherited)",
					"@executable_path/Frameworks",
				);
				PRODUCT_BUNDLE_IDENTIFIER = codepath.HabitTracker;
				PRODUCT_NAME = "$(TARGET_NAME)";
				SWIFT_VERSION = 5.0;
				TARGETED_DEVICE_FAMILY = "1,2";
			};
			name = Debug;
		};
		339D078B2568A32C004342BA /* Release */ = {
			isa = XCBuildConfiguration;
			buildSettings = {
				ASSETCATALOG_COMPILER_APPICON_NAME = AppIcon;
				ASSETCATALOG_COMPILER_GLOBAL_ACCENT_COLOR_NAME = AccentColor;
				CODE_SIGN_STYLE = Automatic;
				INFOPLIST_FILE = HabitTracker/Info.plist;
				LD_RUNPATH_SEARCH_PATHS = (
					"$(inherited)",
					"@executable_path/Frameworks",
				);
				PRODUCT_BUNDLE_IDENTIFIER = codepath.HabitTracker;
				PRODUCT_NAME = "$(TARGET_NAME)";
				SWIFT_VERSION = 5.0;
				TARGETED_DEVICE_FAMILY = "1,2";
			};
			name = Release;
		};
		339D078D2568A32C004342BA /* Debug */ = {
			isa = XCBuildConfiguration;
			buildSettings = {
				ALWAYS_EMBED_SWIFT_STANDARD_LIBRARIES = YES;
				BUNDLE_LOADER = "$(TEST_HOST)";
				CODE_SIGN_STYLE = Automatic;
				INFOPLIST_FILE = HabitTrackerTests/Info.plist;
				IPHONEOS_DEPLOYMENT_TARGET = 14.0;
				LD_RUNPATH_SEARCH_PATHS = (
					"$(inherited)",
					"@executable_path/Frameworks",
					"@loader_path/Frameworks",
				);
				PRODUCT_BUNDLE_IDENTIFIER = codepath.HabitTrackerTests;
				PRODUCT_NAME = "$(TARGET_NAME)";
				SWIFT_VERSION = 5.0;
				TARGETED_DEVICE_FAMILY = "1,2";
				TEST_HOST = "$(BUILT_PRODUCTS_DIR)/HabitTracker.app/HabitTracker";
			};
			name = Debug;
		};
		339D078E2568A32C004342BA /* Release */ = {
			isa = XCBuildConfiguration;
			buildSettings = {
				ALWAYS_EMBED_SWIFT_STANDARD_LIBRARIES = YES;
				BUNDLE_LOADER = "$(TEST_HOST)";
				CODE_SIGN_STYLE = Automatic;
				INFOPLIST_FILE = HabitTrackerTests/Info.plist;
				IPHONEOS_DEPLOYMENT_TARGET = 14.0;
				LD_RUNPATH_SEARCH_PATHS = (
					"$(inherited)",
					"@executable_path/Frameworks",
					"@loader_path/Frameworks",
				);
				PRODUCT_BUNDLE_IDENTIFIER = codepath.HabitTrackerTests;
				PRODUCT_NAME = "$(TARGET_NAME)";
				SWIFT_VERSION = 5.0;
				TARGETED_DEVICE_FAMILY = "1,2";
				TEST_HOST = "$(BUILT_PRODUCTS_DIR)/HabitTracker.app/HabitTracker";
			};
			name = Release;
		};
		339D07902568A32C004342BA /* Debug */ = {
			isa = XCBuildConfiguration;
			buildSettings = {
				ALWAYS_EMBED_SWIFT_STANDARD_LIBRARIES = YES;
				CODE_SIGN_STYLE = Automatic;
				INFOPLIST_FILE = HabitTrackerUITests/Info.plist;
				LD_RUNPATH_SEARCH_PATHS = (
					"$(inherited)",
					"@executable_path/Frameworks",
					"@loader_path/Frameworks",
				);
				PRODUCT_BUNDLE_IDENTIFIER = codepath.HabitTrackerUITests;
				PRODUCT_NAME = "$(TARGET_NAME)";
				SWIFT_VERSION = 5.0;
				TARGETED_DEVICE_FAMILY = "1,2";
				TEST_TARGET_NAME = HabitTracker;
			};
			name = Debug;
		};
		339D07912568A32C004342BA /* Release */ = {
			isa = XCBuildConfiguration;
			buildSettings = {
				ALWAYS_EMBED_SWIFT_STANDARD_LIBRARIES = YES;
				CODE_SIGN_STYLE = Automatic;
				INFOPLIST_FILE = HabitTrackerUITests/Info.plist;
				LD_RUNPATH_SEARCH_PATHS = (
					"$(inherited)",
					"@executable_path/Frameworks",
					"@loader_path/Frameworks",
				);
				PRODUCT_BUNDLE_IDENTIFIER = codepath.HabitTrackerUITests;
				PRODUCT_NAME = "$(TARGET_NAME)";
				SWIFT_VERSION = 5.0;
				TARGETED_DEVICE_FAMILY = "1,2";
				TEST_TARGET_NAME = HabitTracker;
			};
			name = Release;
		};
/* End XCBuildConfiguration section */

/* Begin XCConfigurationList section */
		339D075A2568A329004342BA /* Build configuration list for PBXProject "HabitTracker" */ = {
			isa = XCConfigurationList;
			buildConfigurations = (
				339D07872568A32C004342BA /* Debug */,
				339D07882568A32C004342BA /* Release */,
			);
			defaultConfigurationIsVisible = 0;
			defaultConfigurationName = Release;
		};
		339D07892568A32C004342BA /* Build configuration list for PBXNativeTarget "HabitTracker" */ = {
			isa = XCConfigurationList;
			buildConfigurations = (
				339D078A2568A32C004342BA /* Debug */,
				339D078B2568A32C004342BA /* Release */,
			);
			defaultConfigurationIsVisible = 0;
			defaultConfigurationName = Release;
		};
		339D078C2568A32C004342BA /* Build configuration list for PBXNativeTarget "HabitTrackerTests" */ = {
			isa = XCConfigurationList;
			buildConfigurations = (
				339D078D2568A32C004342BA /* Debug */,
				339D078E2568A32C004342BA /* Release */,
			);
			defaultConfigurationIsVisible = 0;
			defaultConfigurationName = Release;
		};
		339D078F2568A32C004342BA /* Build configuration list for PBXNativeTarget "HabitTrackerUITests" */ = {
			isa = XCConfigurationList;
			buildConfigurations = (
				339D07902568A32C004342BA /* Debug */,
				339D07912568A32C004342BA /* Release */,
			);
			defaultConfigurationIsVisible = 0;
			defaultConfigurationName = Release;
		};
/* End XCConfigurationList section */
	};
	rootObject = 339D07572568A329004342BA /* Project object */;
}
